
Microsoft Visual Studio Solution File, Format Version 12.00
# Visual Studio Version 16
VisualStudioVersion = 16.0.30204.135
MinimumVisualStudioVersion = 10.0.40219.1
Project("{FAE04EC0-301F-11D3-BF4B-00C04F79EFBC}") = "SearchEngine", "SearchEngine\SearchEngine.csproj", "{A4789B97-9D2E-45C8-85DC-8C58623C13FF}"
EndProject
Global
	GlobalSection(SolutionConfigurationPlatforms) = preSolution
		Debug|Any CPU = Debug|Any CPU
		Release|Any CPU = Release|Any CPU
	EndGlobalSection
	GlobalSection(ProjectConfigurationPlatforms) = postSolution
		{A4789B97-9D2E-45C8-85DC-8C58623C13FF}.Debug|Any CPU.ActiveCfg = Debug|Any CPU
		{A4789B97-9D2E-45C8-85DC-8C58623C13FF}.Debug|Any CPU.Build.0 = Debug|Any CPU
		{A4789B97-9D2E-45C8-85DC-8C58623C13FF}.Release|Any CPU.ActiveCfg = Release|Any CPU
		{A4789B97-9D2E-45C8-85DC-8C58623C13FF}.Release|Any CPU.Build.0 = Release|Any CPU
	EndGlobalSection
	GlobalSection(SolutionProperties) = preSolution
		HideSolutionNode = FALSE
	EndGlobalSection
	GlobalSection(ExtensibilityGlobals) = postSolution
		SolutionGuid = {210B72E9-2F39-4A7F-BD31-71E51689257C}
	EndGlobalSection
EndGlobal
